
Microsoft Visual Studio Solution File, Format Version 12.00
# Visual Studio Version 16
VisualStudioVersion = 16.0.31624.102
MinimumVisualStudioVersion = 10.0.40219.1
Project("{9A19103F-16F7-4668-BE54-9A1E7A4F7556}") = "CustomMediaPlayer", "MediaPlayer\CustomMediaPlayer.csproj", "{B3D3FC75-809F-4377-A07F-114C9FCFCF09}"
EndProject
Project("{FAE04EC0-301F-11D3-BF4B-00C04F79EFBC}") = "CustomMediaPlayer.Tests", "CustomMediaPlayer.Tests\CustomMediaPlayer.Tests.csproj", "{C0B8BBB4-2E63-4F08-BDCC-72256FBD8C02}"
EndProject
Global
	GlobalSection(SolutionConfigurationPlatforms) = preSolution
		Debug|Any CPU = Debug|Any CPU
		Release|Any CPU = Release|Any CPU
	EndGlobalSection
	GlobalSection(ProjectConfigurationPlatforms) = postSolution
		{B3D3FC75-809F-4377-A07F-114C9FCFCF09}.Debug|Any CPU.ActiveCfg = Debug|Any CPU
		{B3D3FC75-809F-4377-A07F-114C9FCFCF09}.Debug|Any CPU.Build.0 = Debug|Any CPU
		{B3D3FC75-809F-4377-A07F-114C9FCFCF09}.Release|Any CPU.ActiveCfg = Release|Any CPU
		{B3D3FC75-809F-4377-A07F-114C9FCFCF09}.Release|Any CPU.Build.0 = Release|Any CPU
		{C0B8BBB4-2E63-4F08-BDCC-72256FBD8C02}.Debug|Any CPU.ActiveCfg = Debug|Any CPU
		{C0B8BBB4-2E63-4F08-BDCC-72256FBD8C02}.Debug|Any CPU.Build.0 = Debug|Any CPU
		{C0B8BBB4-2E63-4F08-BDCC-72256FBD8C02}.Release|Any CPU.ActiveCfg = Release|Any CPU
		{C0B8BBB4-2E63-4F08-BDCC-72256FBD8C02}.Release|Any CPU.Build.0 = Release|Any CPU
	EndGlobalSection
	GlobalSection(SolutionProperties) = preSolution
		HideSolutionNode = FALSE
	EndGlobalSection
	GlobalSection(ExtensibilityGlobals) = postSolution
		SolutionGuid = {8A8ADBF5-619B-42DC-BC7A-C3F74C62B32B}
	EndGlobalSection
EndGlobal
